Microsoft Visual Studio Solution File, Format Version 7.00
Project("{8BC9CEB8-8B4A-11D0-8D11-00A0C91BC942}") = "boomerang", "boomerang_vs2002.vcproj", "{6423B982-BD86-49D9-B4B4-834697281352}"
EndProject
Project("{8BC9CEB8-8B4A-11D0-8D11-00A0C91BC942}") = "BinaryFile", "win32make\BinaryFile\BinaryFile_vs2002.vcproj", "{A785802D-00A3-4B87-B60B-464AF962BB2D}"
EndProject
Project("{8BC9CEB8-8B4A-11D0-8D11-00A0C91BC942}") = "ElfBinaryFile", "win32make\ElfBinaryFile\ElfBinaryFile_vs2002.vcproj", "{CB76191E-3435-45C6-9436-ECB0E6CE014E}"
EndProject
Project("{8BC9CEB8-8B4A-11D0-8D11-00A0C91BC942}") = "Win32BinaryFile", "win32make\Win32BinaryFile\Win32BinaryFile_vs2002.vcproj", "{EDD5A43B-22DE-4C53-BF4C-8FCEFA7503C3}"
EndProject
Project("{8BC9CEB8-8B4A-11D0-8D11-00A0C91BC942}") = "DOS4GWBinaryFile", "win32make\DOS4GWBinaryFile\DOS4GWBinaryFile_vs2002.vcproj", "{EDD5A43B-22DE-4C53-BF4C-8FCEFA7503C3}"
EndProject
Project("{8BC9CEB8-8B4A-11D0-8D11-00A0C91BC942}") = "MachOBinaryFile", "win32make\MachOBinaryFile\MachOBinaryFile_vs2002.vcproj", "{EDD5A43B-22DE-4C53-BF4C-8FCEFA7503C3}"
EndProject
Global
	GlobalSection(SolutionConfiguration) = preSolution
		ConfigName.0 = Debug
		ConfigName.1 = Release
	EndGlobalSection
	GlobalSection(ProjectDependencies) = postSolution
		{6423B982-BD86-49D9-B4B4-834697281352}.0 = {EDD5A43B-22DE-4C53-BF4C-8FCEFA7503C3}
		{6423B982-BD86-49D9-B4B4-834697281352}.1 = {EDD5A43B-22DE-4C53-BF4C-8FCEFA7503C3}
		{6423B982-BD86-49D9-B4B4-834697281352}.2 = {EDD5A43B-22DE-4C53-BF4C-8FCEFA7503C3}
		{6423B982-BD86-49D9-B4B4-834697281352}.3 = {A785802D-00A3-4B87-B60B-464AF962BB2D}
		{6423B982-BD86-49D9-B4B4-834697281352}.4 = {CB76191E-3435-45C6-9436-ECB0E6CE014E}
		{CB76191E-3435-45C6-9436-ECB0E6CE014E}.0 = {A785802D-00A3-4B87-B60B-464AF962BB2D}
		{EDD5A43B-22DE-4C53-BF4C-8FCEFA7503C3}.0 = {A785802D-00A3-4B87-B60B-464AF962BB2D}
		{EDD5A43B-22DE-4C53-BF4C-8FCEFA7503C3}.0 = {A785802D-00A3-4B87-B60B-464AF962BB2D}
		{EDD5A43B-22DE-4C53-BF4C-8FCEFA7503C3}.0 = {A785802D-00A3-4B87-B60B-464AF962BB2D}
		{61F02837-79AE-4841-939D-77233F4F35BD}.0 = {A785802D-00A3-4B87-B60B-464AF962BB2D}
		{61F02837-79AE-4841-939D-77233F4F35BD}.1 = {EDD5A43B-22DE-4C53-BF4C-8FCEFA7503C3}
		{61F02837-79AE-4841-939D-77233F4F35BD}.2 = {CB76191E-3435-45C6-9436-ECB0E6CE014E}
		{61F02837-79AE-4841-939D-77233F4F35BD}.3 = {EDD5A43B-22DE-4C53-BF4C-8FCEFA7503C3}
		{61F02837-79AE-4841-939D-77233F4F35BD}.4 = {EDD5A43B-22DE-4C53-BF4C-8FCEFA7503C3}
	EndGlobalSection
	GlobalSection(ProjectConfiguration) = postSolution
		{6423B982-BD86-49D9-B4B4-834697281352}.Debug.ActiveCfg = Debug|Win32
		{6423B982-BD86-49D9-B4B4-834697281352}.Debug.Build.0 = Debug|Win32
		{6423B982-BD86-49D9-B4B4-834697281352}.Release.ActiveCfg = Release|Win32
		{6423B982-BD86-49D9-B4B4-834697281352}.Release.Build.0 = Release|Win32
		{A785802D-00A3-4B87-B60B-464AF962BB2D}.Debug.ActiveCfg = Debug|Win32
		{A785802D-00A3-4B87-B60B-464AF962BB2D}.Debug.Build.0 = Debug|Win32
		{A785802D-00A3-4B87-B60B-464AF962BB2D}.Release.ActiveCfg = Release|Win32
		{A785802D-00A3-4B87-B60B-464AF962BB2D}.Release.Build.0 = Release|Win32
		{CB76191E-3435-45C6-9436-ECB0E6CE014E}.Debug.ActiveCfg = Debug|Win32
		{CB76191E-3435-45C6-9436-ECB0E6CE014E}.Debug.Build.0 = Debug|Win32
		{CB76191E-3435-45C6-9436-ECB0E6CE014E}.Release.ActiveCfg = Release|Win32
		{CB76191E-3435-45C6-9436-ECB0E6CE014E}.Release.Build.0 = Release|Win32
		{EDD5A43B-22DE-4C53-BF4C-8FCEFA7503C3}.Debug.ActiveCfg = Debug|Win32
		{EDD5A43B-22DE-4C53-BF4C-8FCEFA7503C3}.Debug.Build.0 = Debug|Win32
		{EDD5A43B-22DE-4C53-BF4C-8FCEFA7503C3}.Release.ActiveCfg = Release|Win32
		{EDD5A43B-22DE-4C53-BF4C-8FCEFA7503C3}.Release.Build.0 = Release|Win32
		{EDD5A43B-22DE-4C53-BF4C-8FCEFA7503C3}.Debug.ActiveCfg = Debug|Win32
		{EDD5A43B-22DE-4C53-BF4C-8FCEFA7503C3}.Debug.Build.0 = Debug|Win32
		{EDD5A43B-22DE-4C53-BF4C-8FCEFA7503C3}.Release.ActiveCfg = Release|Win32
		{EDD5A43B-22DE-4C53-BF4C-8FCEFA7503C3}.Release.Build.0 = Release|Win32
		{EDD5A43B-22DE-4C53-BF4C-8FCEFA7503C3}.Debug.ActiveCfg = Debug|Win32
		{EDD5A43B-22DE-4C53-BF4C-8FCEFA7503C3}.Debug.Build.0 = Debug|Win32
		{EDD5A43B-22DE-4C53-BF4C-8FCEFA7503C3}.Release.ActiveCfg = Release|Win32
		{EDD5A43B-22DE-4C53-BF4C-8FCEFA7503C3}.Release.Build.0 = Release|Win32
		{61F02837-79AE-4841-939D-77233F4F35BD}.Debug.ActiveCfg = Debug|Win32
		{61F02837-79AE-4841-939D-77233F4F35BD}.Debug.Build.0 = Debug|Win32
		{61F02837-79AE-4841-939D-77233F4F35BD}.Release.ActiveCfg = Release|Win32
		{61F02837-79AE-4841-939D-77233F4F35BD}.Release.Build.0 = Release|Win32
	EndGlobalSection
	GlobalSection(ExtensibilityGlobals) = postSolution
	EndGlobalSection
	GlobalSection(ExtensibilityAddIns) = postSolution
	EndGlobalSection
EndGlobal
